// !$*UTF8*$!
{
	archiveVersion = 1;
	classes = {
	};
	objectVersion = 51;
	objects = {

/* Begin PBXBuildFile section */
		01CB29CA5055030B57616B83 /* Pods_whywhyanalysisAppTests.framework in Frameworks */ = {isa = PBXBuildFile; fileRef = 772105163924D87D3122CB83 /* Pods_whywhyanalysisAppTests.framework */; };
		125DFB5425596297004F09D6 /* AppDelegate.swift in Sources */ = {isa = PBXBuildFile; fileRef = 125DFB5325596297004F09D6 /* AppDelegate.swift */; };
		125DFB5625596297004F09D6 /* SceneDelegate.swift in Sources */ = {isa = PBXBuildFile; fileRef = 125DFB5525596297004F09D6 /* SceneDelegate.swift */; };
		125DFB5B25596297004F09D6 /* Main.storyboard in Resources */ = {isa = PBXBuildFile; fileRef = 125DFB5925596297004F09D6 /* Main.storyboard */; };
		125DFB5D25596298004F09D6 /* Assets.xcassets in Resources */ = {isa = PBXBuildFile; fileRef = 125DFB5C25596298004F09D6 /* Assets.xcassets */; };
		125DFB6025596298004F09D6 /* LaunchScreen.storyboard in Resources */ = {isa = PBXBuildFile; fileRef = 125DFB5E25596298004F09D6 /* LaunchScreen.storyboard */; };
		125DFB7825596858004F09D6 /* WhywhyAnalysis.swift in Sources */ = {isa = PBXBuildFile; fileRef = 125DFB7725596858004F09D6 /* WhywhyAnalysis.swift */; };
		126274ED255FAF720064A97D /* HomeViewController.swift in Sources */ = {isa = PBXBuildFile; fileRef = 126274EC255FAF720064A97D /* HomeViewController.swift */; };
		126274EF255FB2F60064A97D /* CreateAnalysisViewController.swift in Sources */ = {isa = PBXBuildFile; fileRef = 126274EE255FB2F60064A97D /* CreateAnalysisViewController.swift */; };
		12B088A72568CEF300B24487 /* RegistAnalysisViewController.swift in Sources */ = {isa = PBXBuildFile; fileRef = 12B088A62568CEF300B24487 /* RegistAnalysisViewController.swift */; };
		12B088A82568D51F00B24487 /* CreateAnalysisViewController.swift in Sources */ = {isa = PBXBuildFile; fileRef = 126274EE255FB2F60064A97D /* CreateAnalysisViewController.swift */; };
		12B088A92568D53100B24487 /* RegistAnalysisViewController.swift in Sources */ = {isa = PBXBuildFile; fileRef = 12B088A62568CEF300B24487 /* RegistAnalysisViewController.swift */; };
		12B088AA2568D84E00B24487 /* HomeViewController.swift in Sources */ = {isa = PBXBuildFile; fileRef = 126274EC255FAF720064A97D /* HomeViewController.swift */; };
		12B088B12568DC5F00B24487 /* AnalysisListCustumCell.swift in Sources */ = {isa = PBXBuildFile; fileRef = 12B088AF2568DC5F00B24487 /* AnalysisListCustumCell.swift */; };
		12B088B22568DC5F00B24487 /* AnalysisListCustumCell.xib in Resources */ = {isa = PBXBuildFile; fileRef = 12B088B02568DC5F00B24487 /* AnalysisListCustumCell.xib */; };
		12B088B32568DCFE00B24487 /* AnalysisListCustumCell.xib in Sources */ = {isa = PBXBuildFile; fileRef = 12B088B02568DC5F00B24487 /* AnalysisListCustumCell.xib */; };
		12B088B42568DD0600B24487 /* AnalysisListCustumCell.swift in Sources */ = {isa = PBXBuildFile; fileRef = 12B088AF2568DC5F00B24487 /* AnalysisListCustumCell.swift */; };
		12B088B62568E26500B24487 /* ValidateUtility.swift in Sources */ = {isa = PBXBuildFile; fileRef = 12B088B52568E26500B24487 /* ValidateUtility.swift */; };
		12B088B92569001000B24487 /* DataStorage.swift in Sources */ = {isa = PBXBuildFile; fileRef = 12B088B82569001000B24487 /* DataStorage.swift */; };
		8B95BE7C057F568F50C31B2E /* Pods_whywhyanalysisApp.framework in Frameworks */ = {isa = PBXBuildFile; fileRef = 2DF2BE1608123FD012E68BC6 /* Pods_whywhyanalysisApp.framework */; };
/* End PBXBuildFile section */

/* Begin PBXContainerItemProxy section */
		125DFB6725596298004F09D6 /* PBXContainerItemProxy */ = {
			isa = PBXContainerItemProxy;
			containerPortal = 125DFB4825596297004F09D6 /* Project object */;
			proxyType = 1;
			remoteGlobalIDString = 125DFB4F25596297004F09D6;
			remoteInfo = whywhyanalysisApp;
		};
/* End PBXContainerItemProxy section */

/* Begin PBXFileReference section */
		125DFB5025596297004F09D6 /* whywhyanalysisApp.app */ = {isa = PBXFileReference; explicitFileType = wrapper.application; includeInIndex = 0; path = whywhyanalysisApp.app; sourceTree = BUILT_PRODUCTS_DIR; };
		125DFB5325596297004F09D6 /* AppDelegate.swift */ = {isa = PBXFileReference; lastKnownFileType = sourcecode.swift; path = AppDelegate.swift; sourceTree = "<group>"; };
		125DFB5525596297004F09D6 /* SceneDelegate.swift */ = {isa = PBXFileReference; lastKnownFileType = sourcecode.swift; path = SceneDelegate.swift; sourceTree = "<group>"; };
		125DFB5A25596297004F09D6 /* Base */ = {isa = PBXFileReference; lastKnownFileType = file.storyboard; name = Base; path = Base.lproj/Main.storyboard; sourceTree = "<group>"; };
		125DFB5C25596298004F09D6 /* Assets.xcassets */ = {isa = PBXFileReference; lastKnownFileType = folder.assetcatalog; path = Assets.xcassets; sourceTree = "<group>"; };
		125DFB5F25596298004F09D6 /* Base */ = {isa = PBXFileReference; lastKnownFileType = file.storyboard; name = Base; path = Base.lproj/LaunchScreen.storyboard; sourceTree = "<group>"; };
		125DFB6125596298004F09D6 /* Info.plist */ = {isa = PBXFileReference; lastKnownFileType = text.plist.xml; path = Info.plist; sourceTree = "<group>"; };
		125DFB6625596298004F09D6 /* whywhyanalysisAppTests.xctest */ = {isa = PBXFileReference; explicitFileType = wrapper.cfbundle; includeInIndex = 0; path = whywhyanalysisAppTests.xctest; sourceTree = BUILT_PRODUCTS_DIR; };
		125DFB6A25596298004F09D6 /* whywhyanalysisAppTests.swift */ = {isa = PBXFileReference; lastKnownFileType = sourcecode.swift; path = whywhyanalysisAppTests.swift; sourceTree = "<group>"; };
		125DFB6C25596298004F09D6 /* Info.plist */ = {isa = PBXFileReference; lastKnownFileType = text.plist.xml; path = Info.plist; sourceTree = "<group>"; };
		125DFB7725596858004F09D6 /* WhywhyAnalysis.swift */ = {isa = PBXFileReference; lastKnownFileType = sourcecode.swift; path = WhywhyAnalysis.swift; sourceTree = "<group>"; };
		126274EC255FAF720064A97D /* HomeViewController.swift */ = {isa = PBXFileReference; lastKnownFileType = sourcecode.swift; path = HomeViewController.swift; sourceTree = "<group>"; };
		126274EE255FB2F60064A97D /* CreateAnalysisViewController.swift */ = {isa = PBXFileReference; lastKnownFileType = sourcecode.swift; path = CreateAnalysisViewController.swift; sourceTree = "<group>"; };
		12B088A62568CEF300B24487 /* RegistAnalysisViewController.swift */ = {isa = PBXFileReference; lastKnownFileType = sourcecode.swift; path = RegistAnalysisViewController.swift; sourceTree = "<group>"; wrapsLines = 0; };
		12B088AF2568DC5F00B24487 /* AnalysisListCustumCell.swift */ = {isa = PBXFileReference; lastKnownFileType = sourcecode.swift; path = AnalysisListCustumCell.swift; sourceTree = "<group>"; };
		12B088B02568DC5F00B24487 /* AnalysisListCustumCell.xib */ = {isa = PBXFileReference; lastKnownFileType = file.xib; path = AnalysisListCustumCell.xib; sourceTree = "<group>"; };
		12B088B52568E26500B24487 /* ValidateUtility.swift */ = {isa = PBXFileReference; lastKnownFileType = sourcecode.swift; path = ValidateUtility.swift; sourceTree = "<group>"; };
		12B088B82569001000B24487 /* DataStorage.swift */ = {isa = PBXFileReference; lastKnownFileType = sourcecode.swift; path = DataStorage.swift; sourceTree = "<group>"; };
		2DF2BE1608123FD012E68BC6 /* Pods_whywhyanalysisApp.framework */ = {isa = PBXFileReference; explicitFileType = wrapper.framework; includeInIndex = 0; path = Pods_whywhyanalysisApp.framework; sourceTree = BUILT_PRODUCTS_DIR; };
		3D77C3C06C425BC89E96F47A /* Pods-whywhyanalysisAppTests.release.xcconfig */ = {isa = PBXFileReference; includeInIndex = 1; lastKnownFileType = text.xcconfig; name = "Pods-whywhyanalysisAppTests.release.xcconfig"; path = "Target Support Files/Pods-whywhyanalysisAppTests/Pods-whywhyanalysisAppTests.release.xcconfig"; sourceTree = "<group>"; };
		772105163924D87D3122CB83 /* Pods_whywhyanalysisAppTests.framework */ = {isa = PBXFileReference; explicitFileType = wrapper.framework; includeInIndex = 0; path = Pods_whywhyanalysisAppTests.framework; sourceTree = BUILT_PRODUCTS_DIR; };
		D44821903846DADF3C532370 /* Pods-whywhyanalysisApp.debug.xcconfig */ = {isa = PBXFileReference; includeInIndex = 1; lastKnownFileType = text.xcconfig; name = "Pods-whywhyanalysisApp.debug.xcconfig"; path = "Target Support Files/Pods-whywhyanalysisApp/Pods-whywhyanalysisApp.debug.xcconfig"; sourceTree = "<group>"; };
		DCE2D18A534E02E2E26157F3 /* Pods-whywhyanalysisAppTests.debug.xcconfig */ = {isa = PBXFileReference; includeInIndex = 1; lastKnownFileType = text.xcconfig; name = "Pods-whywhyanalysisAppTests.debug.xcconfig"; path = "Target Support Files/Pods-whywhyanalysisAppTests/Pods-whywhyanalysisAppTests.debug.xcconfig"; sourceTree = "<group>"; };
		FBD5B7916A2AE553B94D8DBD /* Pods-whywhyanalysisApp.release.xcconfig */ = {isa = PBXFileReference; includeInIndex = 1; lastKnownFileType = text.xcconfig; name = "Pods-whywhyanalysisApp.release.xcconfig"; path = "Target Support Files/Pods-whywhyanalysisApp/Pods-whywhyanalysisApp.release.xcconfig"; sourceTree = "<group>"; };
/* End PBXFileReference section */

/* Begin PBXFrameworksBuildPhase section */
		125DFB4D25596297004F09D6 /* Frameworks */ = {
			isa = PBXFrameworksBuildPhase;
			buildActionMask = 2147483647;
			files = (
				8B95BE7C057F568F50C31B2E /* Pods_whywhyanalysisApp.framework in Frameworks */,
			);
			runOnlyForDeploymentPostprocessing = 0;
		};
		125DFB6325596298004F09D6 /* Frameworks */ = {
			isa = PBXFrameworksBuildPhase;
			buildActionMask = 2147483647;
			files = (
				01CB29CA5055030B57616B83 /* Pods_whywhyanalysisAppTests.framework in Frameworks */,
			);
			runOnlyForDeploymentPostprocessing = 0;
		};
/* End PBXFrameworksBuildPhase section */

/* Begin PBXGroup section */
		125DFB4725596297004F09D6 = {
			isa = PBXGroup;
			children = (
				125DFB5225596297004F09D6 /* whywhyanalysisApp */,
				125DFB6925596298004F09D6 /* whywhyanalysisAppTests */,
				125DFB5125596297004F09D6 /* Products */,
				C85CE23677EBAA00EC5192E9 /* Pods */,
				E0D3AD9001A1472E7067ECCD /* Frameworks */,
			);
			sourceTree = "<group>";
		};
		125DFB5125596297004F09D6 /* Products */ = {
			isa = PBXGroup;
			children = (
				125DFB5025596297004F09D6 /* whywhyanalysisApp.app */,
				125DFB6625596298004F09D6 /* whywhyanalysisAppTests.xctest */,
			);
			name = Products;
			sourceTree = "<group>";
		};
		125DFB5225596297004F09D6 /* whywhyanalysisApp */ = {
			isa = PBXGroup;
			children = (
				12B088BC2569081500B24487 /* Utility */,
				12B088BB256907EE00B24487 /* View */,
				12B088BA2569061B00B24487 /* Controller */,
				12B088B72568EDFC00B24487 /* Model */,
				125DFB5325596297004F09D6 /* AppDelegate.swift */,
				125DFB5525596297004F09D6 /* SceneDelegate.swift */,
				125DFB5925596297004F09D6 /* Main.storyboard */,
				125DFB5C25596298004F09D6 /* Assets.xcassets */,
				125DFB5E25596298004F09D6 /* LaunchScreen.storyboard */,
				125DFB6125596298004F09D6 /* Info.plist */,
				12B088B02568DC5F00B24487 /* AnalysisListCustumCell.xib */,
			);
			path = whywhyanalysisApp;
			sourceTree = "<group>";
		};
		125DFB6925596298004F09D6 /* whywhyanalysisAppTests */ = {
			isa = PBXGroup;
			children = (
				125DFB6A25596298004F09D6 /* whywhyanalysisAppTests.swift */,
				125DFB6C25596298004F09D6 /* Info.plist */,
			);
			path = whywhyanalysisAppTests;
			sourceTree = "<group>";
		};
		12B088B72568EDFC00B24487 /* Model */ = {
			isa = PBXGroup;
			children = (
				12B088B82569001000B24487 /* DataStorage.swift */,
				125DFB7725596858004F09D6 /* WhywhyAnalysis.swift */,
			);
			path = Model;
			sourceTree = "<group>";
		};
		12B088BA2569061B00B24487 /* Controller */ = {
			isa = PBXGroup;
			children = (
				126274EC255FAF720064A97D /* HomeViewController.swift */,
				126274EE255FB2F60064A97D /* CreateAnalysisViewController.swift */,
				12B088A62568CEF300B24487 /* RegistAnalysisViewController.swift */,
			);
			path = Controller;
			sourceTree = "<group>";
		};
		12B088BB256907EE00B24487 /* View */ = {
			isa = PBXGroup;
			children = (
				12B088AF2568DC5F00B24487 /* AnalysisListCustumCell.swift */,
			);
			path = View;
			sourceTree = "<group>";
		};
		12B088BC2569081500B24487 /* Utility */ = {
			isa = PBXGroup;
			children = (
				12B088B52568E26500B24487 /* ValidateUtility.swift */,
			);
			path = Utility;
			sourceTree = "<group>";
		};
		C85CE23677EBAA00EC5192E9 /* Pods */ = {
			isa = PBXGroup;
			children = (
				D44821903846DADF3C532370 /* Pods-whywhyanalysisApp.debug.xcconfig */,
				FBD5B7916A2AE553B94D8DBD /* Pods-whywhyanalysisApp.release.xcconfig */,
				DCE2D18A534E02E2E26157F3 /* Pods-whywhyanalysisAppTests.debug.xcconfig */,
				3D77C3C06C425BC89E96F47A /* Pods-whywhyanalysisAppTests.release.xcconfig */,
			);
			path = Pods;
			sourceTree = "<group>";
		};
		E0D3AD9001A1472E7067ECCD /* Frameworks */ = {
			isa = PBXGroup;
			children = (
				2DF2BE1608123FD012E68BC6 /* Pods_whywhyanalysisApp.framework */,
				772105163924D87D3122CB83 /* Pods_whywhyanalysisAppTests.framework */,
			);
			name = Frameworks;
			sourceTree = "<group>";
		};
/* End PBXGroup section */

/* Begin PBXNativeTarget section */
		125DFB4F25596297004F09D6 /* whywhyanalysisApp */ = {
			isa = PBXNativeTarget;
			buildConfigurationList = 125DFB6F25596298004F09D6 /* Build configuration list for PBXNativeTarget "whywhyanalysisApp" */;
			buildPhases = (
				3087187AAB5358F515702ACB /* [CP] Check Pods Manifest.lock */,
				125DFB4C25596297004F09D6 /* Sources */,
				125DFB4D25596297004F09D6 /* Frameworks */,
				125DFB4E25596297004F09D6 /* Resources */,
				39A39CC0B80996A2A1495546 /* [CP] Embed Pods Frameworks */,
			);
			buildRules = (
			);
			dependencies = (
			);
			name = whywhyanalysisApp;
			productName = whywhyanalysisApp;
			productReference = 125DFB5025596297004F09D6 /* whywhyanalysisApp.app */;
			productType = "com.apple.product-type.application";
		};
		125DFB6525596298004F09D6 /* whywhyanalysisAppTests */ = {
			isa = PBXNativeTarget;
			buildConfigurationList = 125DFB7225596298004F09D6 /* Build configuration list for PBXNativeTarget "whywhyanalysisAppTests" */;
			buildPhases = (
				D00AAE43FCA9DDA832AA885C /* [CP] Check Pods Manifest.lock */,
				125DFB6225596298004F09D6 /* Sources */,
				125DFB6325596298004F09D6 /* Frameworks */,
				125DFB6425596298004F09D6 /* Resources */,
			);
			buildRules = (
			);
			dependencies = (
				125DFB6825596298004F09D6 /* PBXTargetDependency */,
			);
			name = whywhyanalysisAppTests;
			productName = whywhyanalysisAppTests;
			productReference = 125DFB6625596298004F09D6 /* whywhyanalysisAppTests.xctest */;
			productType = "com.apple.product-type.bundle.unit-test";
		};
/* End PBXNativeTarget section */

/* Begin PBXProject section */
		125DFB4825596297004F09D6 /* Project object */ = {
			isa = PBXProject;
			attributes = {
				LastSwiftUpdateCheck = 1170;
				LastUpgradeCheck = 1170;
				ORGANIZATIONNAME = "長塚かおり";
				TargetAttributes = {
					125DFB4F25596297004F09D6 = {
						CreatedOnToolsVersion = 11.7;
					};
					125DFB6525596298004F09D6 = {
						CreatedOnToolsVersion = 11.7;
						TestTargetID = 125DFB4F25596297004F09D6;
					};
				};
			};
			buildConfigurationList = 125DFB4B25596297004F09D6 /* Build configuration list for PBXProject "whywhyanalysisApp" */;
			compatibilityVersion = "Xcode 9.3";
			developmentRegion = en;
			hasScannedForEncodings = 0;
			knownRegions = (
				en,
				Base,
			);
			mainGroup = 125DFB4725596297004F09D6;
			productRefGroup = 125DFB5125596297004F09D6 /* Products */;
			projectDirPath = "";
			projectRoot = "";
			targets = (
				125DFB4F25596297004F09D6 /* whywhyanalysisApp */,
				125DFB6525596298004F09D6 /* whywhyanalysisAppTests */,
			);
		};
/* End PBXProject section */

/* Begin PBXResourcesBuildPhase section */
		125DFB4E25596297004F09D6 /* Resources */ = {
			isa = PBXResourcesBuildPhase;
			buildActionMask = 2147483647;
			files = (
				12B088B22568DC5F00B24487 /* AnalysisListCustumCell.xib in Resources */,
				125DFB6025596298004F09D6 /* LaunchScreen.storyboard in Resources */,
				125DFB5D25596298004F09D6 /* Assets.xcassets in Resources */,
				125DFB5B25596297004F09D6 /* Main.storyboard in Resources */,
			);
			runOnlyForDeploymentPostprocessing = 0;
		};
		125DFB6425596298004F09D6 /* Resources */ = {
			isa = PBXResourcesBuildPhase;
			buildActionMask = 2147483647;
			files = (
			);
			runOnlyForDeploymentPostprocessing = 0;
		};
/* End PBXResourcesBuildPhase section */

/* Begin PBXShellScriptBuildPhase section */
		3087187AAB5358F515702ACB /* [CP] Check Pods Manifest.lock */ = {
			isa = PBXShellScriptBuildPhase;
			buildActionMask = 2147483647;
			files = (
			);
			inputFileListPaths = (
			);
			inputPaths = (
				"${PODS_PODFILE_DIR_PATH}/Podfile.lock",
				"${PODS_ROOT}/Manifest.lock",
			);
			name = "[CP] Check Pods Manifest.lock";
			outputFileListPaths = (
			);
			outputPaths = (
				"$(DERIVED_FILE_DIR)/Pods-whywhyanalysisApp-checkManifestLockResult.txt",
			);
			runOnlyForDeploymentPostprocessing = 0;
			shellPath = /bin/sh;
			shellScript = "diff \"${PODS_PODFILE_DIR_PATH}/Podfile.lock\" \"${PODS_ROOT}/Manifest.lock\" > /dev/null\nif [ $? != 0 ] ; then\n    # print error to STDERR\n    echo \"error: The sandbox is not in sync with the Podfile.lock. Run 'pod install' or update your CocoaPods installation.\" >&2\n    exit 1\nfi\n# This output is used by Xcode 'outputs' to avoid re-running this script phase.\necho \"SUCCESS\" > \"${SCRIPT_OUTPUT_FILE_0}\"\n";
			showEnvVarsInLog = 0;
		};
		39A39CC0B80996A2A1495546 /* [CP] Embed Pods Frameworks */ = {
			isa = PBXShellScriptBuildPhase;
			buildActionMask = 2147483647;
			files = (
			);
			inputFileListPaths = (
				"${PODS_ROOT}/Target Support Files/Pods-whywhyanalysisApp/Pods-whywhyanalysisApp-frameworks-${CONFIGURATION}-input-files.xcfilelist",
			);
			name = "[CP] Embed Pods Frameworks";
			outputFileListPaths = (
				"${PODS_ROOT}/Target Support Files/Pods-whywhyanalysisApp/Pods-whywhyanalysisApp-frameworks-${CONFIGURATION}-output-files.xcfilelist",
			);
			runOnlyForDeploymentPostprocessing = 0;
			shellPath = /bin/sh;
			shellScript = "\"${PODS_ROOT}/Target Support Files/Pods-whywhyanalysisApp/Pods-whywhyanalysisApp-frameworks.sh\"\n";
			showEnvVarsInLog = 0;
		};
		D00AAE43FCA9DDA832AA885C /* [CP] Check Pods Manifest.lock */ = {
			isa = PBXShellScriptBuildPhase;
			buildActionMask = 2147483647;
			files = (
			);
			inputFileListPaths = (
			);
			inputPaths = (
				"${PODS_PODFILE_DIR_PATH}/Podfile.lock",
				"${PODS_ROOT}/Manifest.lock",
			);
			name = "[CP] Check Pods Manifest.lock";
			outputFileListPaths = (
			);
			outputPaths = (
				"$(DERIVED_FILE_DIR)/Pods-whywhyanalysisAppTests-checkManifestLockResult.txt",
			);
			runOnlyForDeploymentPostprocessing = 0;
			shellPath = /bin/sh;
			shellScript = "diff \"${PODS_PODFILE_DIR_PATH}/Podfile.lock\" \"${PODS_ROOT}/Manifest.lock\" > /dev/null\nif [ $? != 0 ] ; then\n    # print error to STDERR\n    echo \"error: The sandbox is not in sync with the Podfile.lock. Run 'pod install' or update your CocoaPods installation.\" >&2\n    exit 1\nfi\n# This output is used by Xcode 'outputs' to avoid re-running this script phase.\necho \"SUCCESS\" > \"${SCRIPT_OUTPUT_FILE_0}\"\n";
			showEnvVarsInLog = 0;
		};
/* End PBXShellScriptBuildPhase section */

/* Begin PBXSourcesBuildPhase section */
		125DFB4C25596297004F09D6 /* Sources */ = {
			isa = PBXSourcesBuildPhase;
			buildActionMask = 2147483647;
			files = (
				125DFB5425596297004F09D6 /* AppDelegate.swift in Sources */,
				12B088B12568DC5F00B24487 /* AnalysisListCustumCell.swift in Sources */,
				126274ED255FAF720064A97D /* HomeViewController.swift in Sources */,
				12B088B92569001000B24487 /* DataStorage.swift in Sources */,
				125DFB5625596297004F09D6 /* SceneDelegate.swift in Sources */,
				126274EF255FB2F60064A97D /* CreateAnalysisViewController.swift in Sources */,
				125DFB7825596858004F09D6 /* WhywhyAnalysis.swift in Sources */,
				12B088B62568E26500B24487 /* ValidateUtility.swift in Sources */,
				12B088A72568CEF300B24487 /* RegistAnalysisViewController.swift in Sources */,
			);
			runOnlyForDeploymentPostprocessing = 0;
		};
		125DFB6225596298004F09D6 /* Sources */ = {
			isa = PBXSourcesBuildPhase;
			buildActionMask = 2147483647;
			files = (
				12B088B42568DD0600B24487 /* AnalysisListCustumCell.swift in Sources */,
				12B088B32568DCFE00B24487 /* AnalysisListCustumCell.xib in Sources */,
				12B088AA2568D84E00B24487 /* HomeViewController.swift in Sources */,
				12B088A92568D53100B24487 /* RegistAnalysisViewController.swift in Sources */,
				12B088A82568D51F00B24487 /* CreateAnalysisViewController.swift in Sources */,
			);
			runOnlyForDeploymentPostprocessing = 0;
		};
/* End PBXSourcesBuildPhase section */

/* Begin PBXTargetDependency section */
		125DFB6825596298004F09D6 /* PBXTargetDependency */ = {
			isa = PBXTargetDependency;
			target = 125DFB4F25596297004F09D6 /* whywhyanalysisApp */;
			targetProxy = 125DFB6725596298004F09D6 /* PBXContainerItemProxy */;
		};
/* End PBXTargetDependency section */

/* Begin PBXVariantGroup section */
		125DFB5925596297004F09D6 /* Main.storyboard */ = {
			isa = PBXVariantGroup;
			children = (
				125DFB5A25596297004F09D6 /* Base */,
			);
			name = Main.storyboard;
			sourceTree = "<group>";
		};
		125DFB5E25596298004F09D6 /* LaunchScreen.storyboard */ = {
			isa = PBXVariantGroup;
			children = (
				125DFB5F25596298004F09D6 /* Base */,
			);
			name = LaunchScreen.storyboard;
			sourceTree = "<group>";
		};
/* End PBXVariantGroup section */

/* Begin XCBuildConfiguration section */
		125DFB6D25596298004F09D6 /* Debug */ = {
			isa = XCBuildConfiguration;
			buildSettings = {
				ALWAYS_SEARCH_USER_PATHS = NO;
				CLANG_ANALYZER_NONNULL = YES;
				CLANG_ANALYZER_NUMBER_OBJECT_CONVERSION = YES_AGGRESSIVE;
				CLANG_CXX_LANGUAGE_STANDARD = "gnu++14";
				CLANG_CXX_LIBRARY = "libc++";
				CLANG_ENABLE_MODULES = YES;
				CLANG_ENABLE_OBJC_ARC = YES;
				CLANG_ENABLE_OBJC_WEAK = YES;
				CLANG_WARN_BLOCK_CAPTURE_AUTORELEASING = YES;
				CLANG_WARN_BOOL_CONVERSION = YES;
				CLANG_WARN_COMMA = YES;
				CLANG_WARN_CONSTANT_CONVERSION = YES;
				CLANG_WARN_DEPRECATED_OBJC_IMPLEMENTATIONS = YES;
				CLANG_WARN_DIRECT_OBJC_ISA_USAGE = YES_ERROR;
				CLANG_WARN_DOCUMENTATION_COMMENTS = YES;
				CLANG_WARN_EMPTY_BODY = YES;
				CLANG_WARN_ENUM_CONVERSION = YES;
				CLANG_WARN_INFINITE_RECURSION = YES;
				CLANG_WARN_INT_CONVERSION = YES;
				CLANG_WARN_NON_LITERAL_NULL_CONVERSION = YES;
				CLANG_WARN_OBJC_IMPLICIT_RETAIN_SELF = YES;
				CLANG_WARN_OBJC_LITERAL_CONVERSION = YES;
				CLANG_WARN_OBJC_ROOT_CLASS = YES_ERROR;
				CLANG_WARN_RANGE_LOOP_ANALYSIS = YES;
				CLANG_WARN_STRICT_PROTOTYPES = YES;
				CLANG_WARN_SUSPICIOUS_MOVE = YES;
				CLANG_WARN_UNGUARDED_AVAILABILITY = YES_AGGRESSIVE;
				CLANG_WARN_UNREACHABLE_CODE = YES;
				CLANG_WARN__DUPLICATE_METHOD_MATCH = YES;
				COPY_PHASE_STRIP = NO;
				DEBUG_INFORMATION_FORMAT = dwarf;
				ENABLE_STRICT_OBJC_MSGSEND = YES;
				ENABLE_TESTABILITY = YES;
				GCC_C_LANGUAGE_STANDARD = gnu11;
				GCC_DYNAMIC_NO_PIC = NO;
				GCC_NO_COMMON_BLOCKS = YES;
				GCC_OPTIMIZATION_LEVEL = 0;
				GCC_PREPROCESSOR_DEFINITIONS = (
					"DEBUG=1",
					"$(inherited)",
				);
				GCC_WARN_64_TO_32_BIT_CONVERSION = YES;
				GCC_WARN_ABOUT_RETURN_TYPE = YES_ERROR;
				GCC_WARN_UNDECLARED_SELECTOR = YES;
				GCC_WARN_UNINITIALIZED_AUTOS = YES_AGGRESSIVE;
				GCC_WARN_UNUSED_FUNCTION = YES;
				GCC_WARN_UNUSED_VARIABLE = YES;
				IPHONEOS_DEPLOYMENT_TARGET = 13.7;
				MTL_ENABLE_DEBUG_INFO = INCLUDE_SOURCE;
				MTL_FAST_MATH = YES;
				ONLY_ACTIVE_ARCH = YES;
				SDKROOT = iphoneos;
				SWIFT_ACTIVE_COMPILATION_CONDITIONS = DEBUG;
				SWIFT_OPTIMIZATION_LEVEL = "-Onone";
			};
			name = Debug;
		};
		125DFB6E25596298004F09D6 /* Release */ = {
			isa = XCBuildConfiguration;
			buildSettings = {
				ALWAYS_SEARCH_USER_PATHS = NO;
				CLANG_ANALYZER_NONNULL = YES;
				CLANG_ANALYZER_NUMBER_OBJECT_CONVERSION = YES_AGGRESSIVE;
				CLANG_CXX_LANGUAGE_STANDARD = "gnu++14";
				CLANG_CXX_LIBRARY = "libc++";
				CLANG_ENABLE_MODULES = YES;
				CLANG_ENABLE_OBJC_ARC = YES;
				CLANG_ENABLE_OBJC_WEAK = YES;
				CLANG_WARN_BLOCK_CAPTURE_AUTORELEASING = YES;
				CLANG_WARN_BOOL_CONVERSION = YES;
				CLANG_WARN_COMMA = YES;
				CLANG_WARN_CONSTANT_CONVERSION = YES;
				CLANG_WARN_DEPRECATED_OBJC_IMPLEMENTATIONS = YES;
				CLANG_WARN_DIRECT_OBJC_ISA_USAGE = YES_ERROR;
				CLANG_WARN_DOCUMENTATION_COMMENTS = YES;
				CLANG_WARN_EMPTY_BODY = YES;
				CLANG_WARN_ENUM_CONVERSION = YES;
				CLANG_WARN_INFINITE_RECURSION = YES;
				CLANG_WARN_INT_CONVERSION = YES;
				CLANG_WARN_NON_LITERAL_NULL_CONVERSION = YES;
				CLANG_WARN_OBJC_IMPLICIT_RETAIN_SELF = YES;
				CLANG_WARN_OBJC_LITERAL_CONVERSION = YES;
				CLANG_WARN_OBJC_ROOT_CLASS = YES_ERROR;
				CLANG_WARN_RANGE_LOOP_ANALYSIS = YES;
				CLANG_WARN_STRICT_PROTOTYPES = YES;
				CLANG_WARN_SUSPICIOUS_MOVE = YES;
				CLANG_WARN_UNGUARDED_AVAILABILITY = YES_AGGRESSIVE;
				CLANG_WARN_UNREACHABLE_CODE = YES;
				CLANG_WARN__DUPLICATE_METHOD_MATCH = YES;
				COPY_PHASE_STRIP = NO;
				DEBUG_INFORMATION_FORMAT = "dwarf-with-dsym";
				ENABLE_NS_ASSERTIONS = NO;
				ENABLE_STRICT_OBJC_MSGSEND = YES;
				GCC_C_LANGUAGE_STANDARD = gnu11;
				GCC_NO_COMMON_BLOCKS = YES;
				GCC_WARN_64_TO_32_BIT_CONVERSION = YES;
				GCC_WARN_ABOUT_RETURN_TYPE = YES_ERROR;
				GCC_WARN_UNDECLARED_SELECTOR = YES;
				GCC_WARN_UNINITIALIZED_AUTOS = YES_AGGRESSIVE;
				GCC_WARN_UNUSED_FUNCTION = YES;
				GCC_WARN_UNUSED_VARIABLE = YES;
				IPHONEOS_DEPLOYMENT_TARGET = 13.7;
				MTL_ENABLE_DEBUG_INFO = NO;
				MTL_FAST_MATH = YES;
				SDKROOT = iphoneos;
				SWIFT_COMPILATION_MODE = wholemodule;
				SWIFT_OPTIMIZATION_LEVEL = "-O";
				VALIDATE_PRODUCT = YES;
			};
			name = Release;
		};
		125DFB7025596298004F09D6 /* Debug */ = {
			isa = XCBuildConfiguration;
			baseConfigurationReference = D44821903846DADF3C532370 /* Pods-whywhyanalysisApp.debug.xcconfig */;
			buildSettings = {
				ASSETCATALOG_COMPILER_APPICON_NAME = AppIcon;
				CODE_SIGN_STYLE = Automatic;
				DEVELOPMENT_TEAM = 45ZTS6KQP7;
				INFOPLIST_FILE = whywhyanalysisApp/Info.plist;
				LD_RUNPATH_SEARCH_PATHS = (
					"$(inherited)",
					"@executable_path/Frameworks",
				);
				PRODUCT_BUNDLE_IDENTIFIER = whywhyAnalysisApp.whywhyanalysisApp;
				PRODUCT_NAME = "$(TARGET_NAME)";
				SWIFT_VERSION = 5.0;
				TARGETED_DEVICE_FAMILY = "1,2";
			};
			name = Debug;
		};
		125DFB7125596298004F09D6 /* Release */ = {
			isa = XCBuildConfiguration;
			baseConfigurationReference = FBD5B7916A2AE553B94D8DBD /* Pods-whywhyanalysisApp.release.xcconfig */;
			buildSettings = {
				ASSETCATALOG_COMPILER_APPICON_NAME = AppIcon;
				CODE_SIGN_STYLE = Automatic;
				DEVELOPMENT_TEAM = 45ZTS6KQP7;
				INFOPLIST_FILE = whywhyanalysisApp/Info.plist;
				LD_RUNPATH_SEARCH_PATHS = (
					"$(inherited)",
					"@executable_path/Frameworks",
				);
				PRODUCT_BUNDLE_IDENTIFIER = whywhyAnalysisApp.whywhyanalysisApp;
				PRODUCT_NAME = "$(TARGET_NAME)";
				SWIFT_VERSION = 5.0;
				TARGETED_DEVICE_FAMILY = "1,2";
			};
			name = Release;
		};
		125DFB7325596298004F09D6 /* Debug */ = {
			isa = XCBuildConfiguration;
			baseConfigurationReference = DCE2D18A534E02E2E26157F3 /* Pods-whywhyanalysisAppTests.debug.xcconfig */;
			buildSettings = {
				ALWAYS_EMBED_SWIFT_STANDARD_LIBRARIES = YES;
				BUNDLE_LOADER = "$(TEST_HOST)";
				CODE_SIGN_STYLE = Automatic;
				DEVELOPMENT_TEAM = 45ZTS6KQP7;
				INFOPLIST_FILE = whywhyanalysisAppTests/Info.plist;
				IPHONEOS_DEPLOYMENT_TARGET = 13.7;
				LD_RUNPATH_SEARCH_PATHS = (
					"$(inherited)",
					"@executable_path/Frameworks",
					"@loader_path/Frameworks",
				);
				PRODUCT_BUNDLE_IDENTIFIER = whywhyAnalysisApp.whywhyanalysisAppTests;
				PRODUCT_NAME = "$(TARGET_NAME)";
				SWIFT_VERSION = 5.0;
				TARGETED_DEVICE_FAMILY = "1,2";
				TEST_HOST = "$(BUILT_PRODUCTS_DIR)/whywhyanalysisApp.app/whywhyanalysisApp";
			};
			name = Debug;
		};
		125DFB7425596298004F09D6 /* Release */ = {
			isa = XCBuildConfiguration;
			baseConfigurationReference = 3D77C3C06C425BC89E96F47A /* Pods-whywhyanalysisAppTests.release.xcconfig */;
			buildSettings = {
				ALWAYS_EMBED_SWIFT_STANDARD_LIBRARIES = YES;
				BUNDLE_LOADER = "$(TEST_HOST)";
				CODE_SIGN_STYLE = Automatic;
				DEVELOPMENT_TEAM = 45ZTS6KQP7;
				INFOPLIST_FILE = whywhyanalysisAppTests/Info.plist;
				IPHONEOS_DEPLOYMENT_TARGET = 13.7;
				LD_RUNPATH_SEARCH_PATHS = (
					"$(inherited)",
					"@executable_path/Frameworks",
					"@loader_path/Frameworks",
				);
				PRODUCT_BUNDLE_IDENTIFIER = whywhyAnalysisApp.whywhyanalysisAppTests;
				PRODUCT_NAME = "$(TARGET_NAME)";
				SWIFT_VERSION = 5.0;
				TARGETED_DEVICE_FAMILY = "1,2";
				TEST_HOST = "$(BUILT_PRODUCTS_DIR)/whywhyanalysisApp.app/whywhyanalysisApp";
			};
			name = Release;
		};
/* End XCBuildConfiguration section */

/* Begin XCConfigurationList section */
		125DFB4B25596297004F09D6 /* Build configuration list for PBXProject "whywhyanalysisApp" */ = {
			isa = XCConfigurationList;
			buildConfigurations = (
				125DFB6D25596298004F09D6 /* Debug */,
				125DFB6E25596298004F09D6 /* Release */,
			);
			defaultConfigurationIsVisible = 0;
			defaultConfigurationName = Release;
		};
		125DFB6F25596298004F09D6 /* Build configuration list for PBXNativeTarget "whywhyanalysisApp" */ = {
			isa = XCConfigurationList;
			buildConfigurations = (
				125DFB7025596298004F09D6 /* Debug */,
				125DFB7125596298004F09D6 /* Release */,
			);
			defaultConfigurationIsVisible = 0;
			defaultConfigurationName = Release;
		};
		125DFB7225596298004F09D6 /* Build configuration list for PBXNativeTarget "whywhyanalysisAppTests" */ = {
			isa = XCConfigurationList;
			buildConfigurations = (
				125DFB7325596298004F09D6 /* Debug */,
				125DFB7425596298004F09D6 /* Release */,
			);
			defaultConfigurationIsVisible = 0;
			defaultConfigurationName = Release;
		};
/* End XCConfigurationList section */
	};
	rootObject = 125DFB4825596297004F09D6 /* Project object */;
}
